
Microsoft Visual Studio Solution File, Format Version 12.00
# Visual Studio 2017
Project("{FAE04EC0-301F-11D3-BF4B-00C04F79EFBC}") = "TheLifeofDruids", "TheLifeofDruids.csproj", "{374F4047-5031-1E86-5F18-32977792326A}"
EndProject
Global
	GlobalSection(SolutionConfigurationPlatforms) = preSolution
		Debug|Any CPU = Debug|Any CPU
		Release|Any CPU = Release|Any CPU
	EndGlobalSection
	GlobalSection(ProjectConfigurationPlatforms) = postSolution
		{374F4047-5031-1E86-5F18-32977792326A}.Debug|Any CPU.ActiveCfg = Debug|Any CPU
		{374F4047-5031-1E86-5F18-32977792326A}.Debug|Any CPU.Build.0 = Debug|Any CPU
		{374F4047-5031-1E86-5F18-32977792326A}.Release|Any CPU.ActiveCfg = Release|Any CPU
		{374F4047-5031-1E86-5F18-32977792326A}.Release|Any CPU.Build.0 = Release|Any CPU
	EndGlobalSection
	GlobalSection(SolutionProperties) = preSolution
		HideSolutionNode = FALSE
	EndGlobalSection
EndGlobal
